// !$*UTF8*$!
{
	archiveVersion = 1;
	classes = {
	};
	objectVersion = 56;
	objects = {

/* Begin PBXBuildFile section */
		A7FF4D572BE908AD0036E0DA /* AppDelegate.swift in Sources */ = {isa = PBXBuildFile; fileRef = A7FF4D562BE908AD0036E0DA /* AppDelegate.swift */; };
		A7FF4D592BE908AD0036E0DA /* SceneDelegate.swift in Sources */ = {isa = PBXBuildFile; fileRef = A7FF4D582BE908AD0036E0DA /* SceneDelegate.swift */; };
		A7FF4D5B2BE908AD0036E0DA /* RMTabBarController.swift in Sources */ = {isa = PBXBuildFile; fileRef = A7FF4D5A2BE908AD0036E0DA /* RMTabBarController.swift */; };
		A7FF4D602BE908AE0036E0DA /* Assets.xcassets in Resources */ = {isa = PBXBuildFile; fileRef = A7FF4D5F2BE908AE0036E0DA /* Assets.xcassets */; };
		A7FF4D632BE908AE0036E0DA /* Base in Resources */ = {isa = PBXBuildFile; fileRef = A7FF4D622BE908AE0036E0DA /* Base */; };
		A7FF4D722BE9132E0036E0DA /* RMLocation.swift in Sources */ = {isa = PBXBuildFile; fileRef = A7FF4D712BE9132E0036E0DA /* RMLocation.swift */; };
		A7FF4D742BE9133C0036E0DA /* RMCharacter.swift in Sources */ = {isa = PBXBuildFile; fileRef = A7FF4D732BE9133C0036E0DA /* RMCharacter.swift */; };
		A7FF4D762BE913480036E0DA /* RMEpisode.swift in Sources */ = {isa = PBXBuildFile; fileRef = A7FF4D752BE913480036E0DA /* RMEpisode.swift */; };
		A7FF4D792BE914460036E0DA /* RMCharacterViewController.swift in Sources */ = {isa = PBXBuildFile; fileRef = A7FF4D782BE914460036E0DA /* RMCharacterViewController.swift */; };
		A7FF4D7B2BE914780036E0DA /* RMLocationViewController.swift in Sources */ = {isa = PBXBuildFile; fileRef = A7FF4D7A2BE914780036E0DA /* RMLocationViewController.swift */; };
		A7FF4D7D2BE918560036E0DA /* RMEpisodeViewController.swift in Sources */ = {isa = PBXBuildFile; fileRef = A7FF4D7C2BE918560036E0DA /* RMEpisodeViewController.swift */; };
		A7FF4D7F2BE918670036E0DA /* RMSettingsViewController.swift in Sources */ = {isa = PBXBuildFile; fileRef = A7FF4D7E2BE918670036E0DA /* RMSettingsViewController.swift */; };
		A7FF4D812BE9782A0036E0DA /* RMService.swift in Sources */ = {isa = PBXBuildFile; fileRef = A7FF4D802BE9782A0036E0DA /* RMService.swift */; };
		A7FF4D832BE978400036E0DA /* RMRequest.swift in Sources */ = {isa = PBXBuildFile; fileRef = A7FF4D822BE978400036E0DA /* RMRequest.swift */; };
		A7FF4D852BE97AC60036E0DA /* RMEndpoint.swift in Sources */ = {isa = PBXBuildFile; fileRef = A7FF4D842BE97AC60036E0DA /* RMEndpoint.swift */; };
		A7FF4D872BEAAAC90036E0DA /* RMOrigin.swift in Sources */ = {isa = PBXBuildFile; fileRef = A7FF4D862BEAAAC90036E0DA /* RMOrigin.swift */; };
		A7FF4D892BEAAB810036E0DA /* RMSingleLocation.swift in Sources */ = {isa = PBXBuildFile; fileRef = A7FF4D882BEAAB810036E0DA /* RMSingleLocation.swift */; };
		A7FF4D8B2BEAAD810036E0DA /* RMCharacterStatus.swift in Sources */ = {isa = PBXBuildFile; fileRef = A7FF4D8A2BEAAD810036E0DA /* RMCharacterStatus.swift */; };
		A7FF4D8D2BEAB06F0036E0DA /* RMCharacterGender.swift in Sources */ = {isa = PBXBuildFile; fileRef = A7FF4D8C2BEAB06F0036E0DA /* RMCharacterGender.swift */; };
/* End PBXBuildFile section */

/* Begin PBXFileReference section */
		A7FF4D532BE908AD0036E0DA /* Rick & Morty.app */ = {isa = PBXFileReference; explicitFileType = wrapper.application; includeInIndex = 0; path = "Rick & Morty.app"; sourceTree = BUILT_PRODUCTS_DIR; };
		A7FF4D562BE908AD0036E0DA /* AppDelegate.swift */ = {isa = PBXFileReference; lastKnownFileType = sourcecode.swift; path = AppDelegate.swift; sourceTree = "<group>"; };
		A7FF4D582BE908AD0036E0DA /* SceneDelegate.swift */ = {isa = PBXFileReference; lastKnownFileType = sourcecode.swift; path = SceneDelegate.swift; sourceTree = "<group>"; };
		A7FF4D5A2BE908AD0036E0DA /* RMTabBarController.swift */ = {isa = PBXFileReference; lastKnownFileType = sourcecode.swift; path = RMTabBarController.swift; sourceTree = "<group>"; };
		A7FF4D5F2BE908AE0036E0DA /* Assets.xcassets */ = {isa = PBXFileReference; lastKnownFileType = folder.assetcatalog; path = Assets.xcassets; sourceTree = "<group>"; };
		A7FF4D622BE908AE0036E0DA /* Base */ = {isa = PBXFileReference; lastKnownFileType = file.storyboard; name = Base; path = Base.lproj/LaunchScreen.storyboard; sourceTree = "<group>"; };
		A7FF4D642BE908AE0036E0DA /* Info.plist */ = {isa = PBXFileReference; lastKnownFileType = text.plist.xml; path = Info.plist; sourceTree = "<group>"; };
		A7FF4D712BE9132E0036E0DA /* RMLocation.swift */ = {isa = PBXFileReference; lastKnownFileType = sourcecode.swift; path = RMLocation.swift; sourceTree = "<group>"; };
		A7FF4D732BE9133C0036E0DA /* RMCharacter.swift */ = {isa = PBXFileReference; lastKnownFileType = sourcecode.swift; path = RMCharacter.swift; sourceTree = "<group>"; };
		A7FF4D752BE913480036E0DA /* RMEpisode.swift */ = {isa = PBXFileReference; lastKnownFileType = sourcecode.swift; path = RMEpisode.swift; sourceTree = "<group>"; };
		A7FF4D782BE914460036E0DA /* RMCharacterViewController.swift */ = {isa = PBXFileReference; lastKnownFileType = sourcecode.swift; path = RMCharacterViewController.swift; sourceTree = "<group>"; };
		A7FF4D7A2BE914780036E0DA /* RMLocationViewController.swift */ = {isa = PBXFileReference; lastKnownFileType = sourcecode.swift; path = RMLocationViewController.swift; sourceTree = "<group>"; };
		A7FF4D7C2BE918560036E0DA /* RMEpisodeViewController.swift */ = {isa = PBXFileReference; lastKnownFileType = sourcecode.swift; path = RMEpisodeViewController.swift; sourceTree = "<group>"; };
		A7FF4D7E2BE918670036E0DA /* RMSettingsViewController.swift */ = {isa = PBXFileReference; lastKnownFileType = sourcecode.swift; path = RMSettingsViewController.swift; sourceTree = "<group>"; };
		A7FF4D802BE9782A0036E0DA /* RMService.swift */ = {isa = PBXFileReference; lastKnownFileType = sourcecode.swift; path = RMService.swift; sourceTree = "<group>"; };
		A7FF4D822BE978400036E0DA /* RMRequest.swift */ = {isa = PBXFileReference; lastKnownFileType = sourcecode.swift; path = RMRequest.swift; sourceTree = "<group>"; };
		A7FF4D842BE97AC60036E0DA /* RMEndpoint.swift */ = {isa = PBXFileReference; lastKnownFileType = sourcecode.swift; path = RMEndpoint.swift; sourceTree = "<group>"; };
		A7FF4D862BEAAAC90036E0DA /* RMOrigin.swift */ = {isa = PBXFileReference; lastKnownFileType = sourcecode.swift; path = RMOrigin.swift; sourceTree = "<group>"; };
		A7FF4D882BEAAB810036E0DA /* RMSingleLocation.swift */ = {isa = PBXFileReference; lastKnownFileType = sourcecode.swift; path = RMSingleLocation.swift; sourceTree = "<group>"; };
		A7FF4D8A2BEAAD810036E0DA /* RMCharacterStatus.swift */ = {isa = PBXFileReference; lastKnownFileType = sourcecode.swift; path = RMCharacterStatus.swift; sourceTree = "<group>"; };
		A7FF4D8C2BEAB06F0036E0DA /* RMCharacterGender.swift */ = {isa = PBXFileReference; lastKnownFileType = sourcecode.swift; path = RMCharacterGender.swift; sourceTree = "<group>"; };
/* End PBXFileReference section */

/* Begin PBXFrameworksBuildPhase section */
		A7FF4D502BE908AD0036E0DA /* Frameworks */ = {
			isa = PBXFrameworksBuildPhase;
			buildActionMask = 2147483647;
			files = (
			);
			runOnlyForDeploymentPostprocessing = 0;
		};
/* End PBXFrameworksBuildPhase section */

/* Begin PBXGroup section */
		A7FF4D4A2BE908AD0036E0DA = {
			isa = PBXGroup;
			children = (
				A7FF4D552BE908AD0036E0DA /* Rick & Morty */,
				A7FF4D542BE908AD0036E0DA /* Products */,
			);
			sourceTree = "<group>";
		};
		A7FF4D542BE908AD0036E0DA /* Products */ = {
			isa = PBXGroup;
			children = (
				A7FF4D532BE908AD0036E0DA /* Rick & Morty.app */,
			);
			name = Products;
			sourceTree = "<group>";
		};
		A7FF4D552BE908AD0036E0DA /* Rick & Morty */ = {
			isa = PBXGroup;
			children = (
				A7FF4D702BE912BF0036E0DA /* Resources */,
				A7FF4D6F2BE912BA0036E0DA /* Managers */,
				A7FF4D6E2BE912A70036E0DA /* APIClient */,
				A7FF4D6D2BE9129F0036E0DA /* ViewModels */,
				A7FF4D6C2BE912990036E0DA /* Views */,
				A7FF4D6B2BE912910036E0DA /* Models */,
				A7FF4D6A2BE9127F0036E0DA /* Controllers */,
				A7FF4D642BE908AE0036E0DA /* Info.plist */,
			);
			path = "Rick & Morty";
			sourceTree = "<group>";
		};
		A7FF4D6A2BE9127F0036E0DA /* Controllers */ = {
			isa = PBXGroup;
			children = (
				A7FF4D772BE914000036E0DA /* Core */,
			);
			path = Controllers;
			sourceTree = "<group>";
		};
		A7FF4D6B2BE912910036E0DA /* Models */ = {
			isa = PBXGroup;
			children = (
				A7FF4D712BE9132E0036E0DA /* RMLocation.swift */,
				A7FF4D732BE9133C0036E0DA /* RMCharacter.swift */,
				A7FF4D752BE913480036E0DA /* RMEpisode.swift */,
				A7FF4D862BEAAAC90036E0DA /* RMOrigin.swift */,
				A7FF4D882BEAAB810036E0DA /* RMSingleLocation.swift */,
				A7FF4D8A2BEAAD810036E0DA /* RMCharacterStatus.swift */,
				A7FF4D8C2BEAB06F0036E0DA /* RMCharacterGender.swift */,
			);
			path = Models;
			sourceTree = "<group>";
		};
		A7FF4D6C2BE912990036E0DA /* Views */ = {
			isa = PBXGroup;
			children = (
			);
			path = Views;
			sourceTree = "<group>";
		};
		A7FF4D6D2BE9129F0036E0DA /* ViewModels */ = {
			isa = PBXGroup;
			children = (
			);
			path = ViewModels;
			sourceTree = "<group>";
		};
		A7FF4D6E2BE912A70036E0DA /* APIClient */ = {
			isa = PBXGroup;
			children = (
				A7FF4D802BE9782A0036E0DA /* RMService.swift */,
				A7FF4D822BE978400036E0DA /* RMRequest.swift */,
				A7FF4D842BE97AC60036E0DA /* RMEndpoint.swift */,
			);
			path = APIClient;
			sourceTree = "<group>";
		};
		A7FF4D6F2BE912BA0036E0DA /* Managers */ = {
			isa = PBXGroup;
			children = (
			);
			path = Managers;
			sourceTree = "<group>";
		};
		A7FF4D702BE912BF0036E0DA /* Resources */ = {
			isa = PBXGroup;
			children = (
				A7FF4D5F2BE908AE0036E0DA /* Assets.xcassets */,
				A7FF4D612BE908AE0036E0DA /* LaunchScreen.storyboard */,
				A7FF4D562BE908AD0036E0DA /* AppDelegate.swift */,
				A7FF4D582BE908AD0036E0DA /* SceneDelegate.swift */,
			);
			path = Resources;
			sourceTree = "<group>";
		};
		A7FF4D772BE914000036E0DA /* Core */ = {
			isa = PBXGroup;
			children = (
				A7FF4D5A2BE908AD0036E0DA /* RMTabBarController.swift */,
				A7FF4D782BE914460036E0DA /* RMCharacterViewController.swift */,
				A7FF4D7A2BE914780036E0DA /* RMLocationViewController.swift */,
				A7FF4D7C2BE918560036E0DA /* RMEpisodeViewController.swift */,
				A7FF4D7E2BE918670036E0DA /* RMSettingsViewController.swift */,
			);
			path = Core;
			sourceTree = "<group>";
		};
/* End PBXGroup section */

/* Begin PBXNativeTarget section */
		A7FF4D522BE908AD0036E0DA /* Rick & Morty */ = {
			isa = PBXNativeTarget;
			buildConfigurationList = A7FF4D672BE908AE0036E0DA /* Build configuration list for PBXNativeTarget "Rick & Morty" */;
			buildPhases = (
				A7FF4D4F2BE908AD0036E0DA /* Sources */,
				A7FF4D502BE908AD0036E0DA /* Frameworks */,
				A7FF4D512BE908AD0036E0DA /* Resources */,
			);
			buildRules = (
			);
			dependencies = (
			);
			name = "Rick & Morty";
			productName = "Rick & Morty";
			productReference = A7FF4D532BE908AD0036E0DA /* Rick & Morty.app */;
			productType = "com.apple.product-type.application";
		};
/* End PBXNativeTarget section */

/* Begin PBXProject section */
		A7FF4D4B2BE908AD0036E0DA /* Project object */ = {
			isa = PBXProject;
			attributes = {
				BuildIndependentTargetsInParallel = 1;
				LastSwiftUpdateCheck = 1530;
				LastUpgradeCheck = 1530;
				TargetAttributes = {
					A7FF4D522BE908AD0036E0DA = {
						CreatedOnToolsVersion = 15.3;
					};
				};
			};
			buildConfigurationList = A7FF4D4E2BE908AD0036E0DA /* Build configuration list for PBXProject "Rick & Morty" */;
			compatibilityVersion = "Xcode 14.0";
			developmentRegion = en;
			hasScannedForEncodings = 0;
			knownRegions = (
				en,
				Base,
			);
			mainGroup = A7FF4D4A2BE908AD0036E0DA;
			productRefGroup = A7FF4D542BE908AD0036E0DA /* Products */;
			projectDirPath = "";
			projectRoot = "";
			targets = (
				A7FF4D522BE908AD0036E0DA /* Rick & Morty */,
			);
		};
/* End PBXProject section */

/* Begin PBXResourcesBuildPhase section */
		A7FF4D512BE908AD0036E0DA /* Resources */ = {
			isa = PBXResourcesBuildPhase;
			buildActionMask = 2147483647;
			files = (
				A7FF4D602BE908AE0036E0DA /* Assets.xcassets in Resources */,
				A7FF4D632BE908AE0036E0DA /* Base in Resources */,
			);
			runOnlyForDeploymentPostprocessing = 0;
		};
/* End PBXResourcesBuildPhase section */

/* Begin PBXSourcesBuildPhase section */
		A7FF4D4F2BE908AD0036E0DA /* Sources */ = {
			isa = PBXSourcesBuildPhase;
			buildActionMask = 2147483647;
			files = (
				A7FF4D872BEAAAC90036E0DA /* RMOrigin.swift in Sources */,
				A7FF4D892BEAAB810036E0DA /* RMSingleLocation.swift in Sources */,
				A7FF4D8B2BEAAD810036E0DA /* RMCharacterStatus.swift in Sources */,
				A7FF4D8D2BEAB06F0036E0DA /* RMCharacterGender.swift in Sources */,
				A7FF4D7B2BE914780036E0DA /* RMLocationViewController.swift in Sources */,
				A7FF4D762BE913480036E0DA /* RMEpisode.swift in Sources */,
				A7FF4D5B2BE908AD0036E0DA /* RMTabBarController.swift in Sources */,
				A7FF4D7D2BE918560036E0DA /* RMEpisodeViewController.swift in Sources */,
				A7FF4D572BE908AD0036E0DA /* AppDelegate.swift in Sources */,
				A7FF4D592BE908AD0036E0DA /* SceneDelegate.swift in Sources */,
				A7FF4D7F2BE918670036E0DA /* RMSettingsViewController.swift in Sources */,
				A7FF4D812BE9782A0036E0DA /* RMService.swift in Sources */,
				A7FF4D722BE9132E0036E0DA /* RMLocation.swift in Sources */,
				A7FF4D852BE97AC60036E0DA /* RMEndpoint.swift in Sources */,
				A7FF4D742BE9133C0036E0DA /* RMCharacter.swift in Sources */,
				A7FF4D832BE978400036E0DA /* RMRequest.swift in Sources */,
				A7FF4D792BE914460036E0DA /* RMCharacterViewController.swift in Sources */,
			);
			runOnlyForDeploymentPostprocessing = 0;
		};
/* End PBXSourcesBuildPhase section */

/* Begin PBXVariantGroup section */
		A7FF4D612BE908AE0036E0DA /* LaunchScreen.storyboard */ = {
			isa = PBXVariantGroup;
			children = (
				A7FF4D622BE908AE0036E0DA /* Base */,
			);
			name = LaunchScreen.storyboard;
			sourceTree = "<group>";
		};
/* End PBXVariantGroup section */

/* Begin XCBuildConfiguration section */
		A7FF4D652BE908AE0036E0DA /* Debug */ = {
			isa = XCBuildConfiguration;
			buildSettings = {
				ALWAYS_SEARCH_USER_PATHS = NO;
				ASSETCATALOG_COMPILER_GENERATE_SWIFT_ASSET_SYMBOL_EXTENSIONS = YES;
				CLANG_ANALYZER_NONNULL = YES;
				CLANG_ANALYZER_NUMBER_OBJECT_CONVERSION = YES_AGGRESSIVE;
				CLANG_CXX_LANGUAGE_STANDARD = "gnu++20";
				CLANG_ENABLE_MODULES = YES;
				CLANG_ENABLE_OBJC_ARC = YES;
				CLANG_ENABLE_OBJC_WEAK = YES;
				CLANG_WARN_BLOCK_CAPTURE_AUTORELEASING = YES;
				CLANG_WARN_BOOL_CONVERSION = YES;
				CLANG_WARN_COMMA = YES;
				CLANG_WARN_CONSTANT_CONVERSION = YES;
				CLANG_WARN_DEPRECATED_OBJC_IMPLEMENTATIONS = YES;
				CLANG_WARN_DIRECT_OBJC_ISA_USAGE = YES_ERROR;
				CLANG_WARN_DOCUMENTATION_COMMENTS = YES;
				CLANG_WARN_EMPTY_BODY = YES;
				CLANG_WARN_ENUM_CONVERSION = YES;
				CLANG_WARN_INFINITE_RECURSION = YES;
				CLANG_WARN_INT_CONVERSION = YES;
				CLANG_WARN_NON_LITERAL_NULL_CONVERSION = YES;
				CLANG_WARN_OBJC_IMPLICIT_RETAIN_SELF = YES;
				CLANG_WARN_OBJC_LITERAL_CONVERSION = YES;
				CLANG_WARN_OBJC_ROOT_CLASS = YES_ERROR;
				CLANG_WARN_QUOTED_INCLUDE_IN_FRAMEWORK_HEADER = YES;
				CLANG_WARN_RANGE_LOOP_ANALYSIS = YES;
				CLANG_WARN_STRICT_PROTOTYPES = YES;
				CLANG_WARN_SUSPICIOUS_MOVE = YES;
				CLANG_WARN_UNGUARDED_AVAILABILITY = YES_AGGRESSIVE;
				CLANG_WARN_UNREACHABLE_CODE = YES;
				CLANG_WARN__DUPLICATE_METHOD_MATCH = YES;
				COPY_PHASE_STRIP = NO;
				DEBUG_INFORMATION_FORMAT = dwarf;
				ENABLE_STRICT_OBJC_MSGSEND = YES;
				ENABLE_TESTABILITY = YES;
				ENABLE_USER_SCRIPT_SANDBOXING = YES;
				GCC_C_LANGUAGE_STANDARD = gnu17;
				GCC_DYNAMIC_NO_PIC = NO;
				GCC_NO_COMMON_BLOCKS = YES;
				GCC_OPTIMIZATION_LEVEL = 0;
				GCC_PREPROCESSOR_DEFINITIONS = (
					"DEBUG=1",
					"$(inherited)",
				);
				GCC_WARN_64_TO_32_BIT_CONVERSION = YES;
				GCC_WARN_ABOUT_RETURN_TYPE = YES_ERROR;
				GCC_WARN_UNDECLARED_SELECTOR = YES;
				GCC_WARN_UNINITIALIZED_AUTOS = YES_AGGRESSIVE;
				GCC_WARN_UNUSED_FUNCTION = YES;
				GCC_WARN_UNUSED_VARIABLE = YES;
				IPHONEOS_DEPLOYMENT_TARGET = 17.4;
				LOCALIZATION_PREFERS_STRING_CATALOGS = YES;
				MTL_ENABLE_DEBUG_INFO = INCLUDE_SOURCE;
				MTL_FAST_MATH = YES;
				ONLY_ACTIVE_ARCH = YES;
				SDKROOT = iphoneos;
				SWIFT_ACTIVE_COMPILATION_CONDITIONS = "DEBUG $(inherited)";
				SWIFT_OPTIMIZATION_LEVEL = "-Onone";
			};
			name = Debug;
		};
		A7FF4D662BE908AE0036E0DA /* Release */ = {
			isa = XCBuildConfiguration;
			buildSettings = {
				ALWAYS_SEARCH_USER_PATHS = NO;
				ASSETCATALOG_COMPILER_GENERATE_SWIFT_ASSET_SYMBOL_EXTENSIONS = YES;
				CLANG_ANALYZER_NONNULL = YES;
				CLANG_ANALYZER_NUMBER_OBJECT_CONVERSION = YES_AGGRESSIVE;
				CLANG_CXX_LANGUAGE_STANDARD = "gnu++20";
				CLANG_ENABLE_MODULES = YES;
				CLANG_ENABLE_OBJC_ARC = YES;
				CLANG_ENABLE_OBJC_WEAK = YES;
				CLANG_WARN_BLOCK_CAPTURE_AUTORELEASING = YES;
				CLANG_WARN_BOOL_CONVERSION = YES;
				CLANG_WARN_COMMA = YES;
				CLANG_WARN_CONSTANT_CONVERSION = YES;
				CLANG_WARN_DEPRECATED_OBJC_IMPLEMENTATIONS = YES;
				CLANG_WARN_DIRECT_OBJC_ISA_USAGE = YES_ERROR;
				CLANG_WARN_DOCUMENTATION_COMMENTS = YES;
				CLANG_WARN_EMPTY_BODY = YES;
				CLANG_WARN_ENUM_CONVERSION = YES;
				CLANG_WARN_INFINITE_RECURSION = YES;
				CLANG_WARN_INT_CONVERSION = YES;
				CLANG_WARN_NON_LITERAL_NULL_CONVERSION = YES;
				CLANG_WARN_OBJC_IMPLICIT_RETAIN_SELF = YES;
				CLANG_WARN_OBJC_LITERAL_CONVERSION = YES;
				CLANG_WARN_OBJC_ROOT_CLASS = YES_ERROR;
				CLANG_WARN_QUOTED_INCLUDE_IN_FRAMEWORK_HEADER = YES;
				CLANG_WARN_RANGE_LOOP_ANALYSIS = YES;
				CLANG_WARN_STRICT_PROTOTYPES = YES;
				CLANG_WARN_SUSPICIOUS_MOVE = YES;
				CLANG_WARN_UNGUARDED_AVAILABILITY = YES_AGGRESSIVE;
				CLANG_WARN_UNREACHABLE_CODE = YES;
				CLANG_WARN__DUPLICATE_METHOD_MATCH = YES;
				COPY_PHASE_STRIP = NO;
				DEBUG_INFORMATION_FORMAT = "dwarf-with-dsym";
				ENABLE_NS_ASSERTIONS = NO;
				ENABLE_STRICT_OBJC_MSGSEND = YES;
				ENABLE_USER_SCRIPT_SANDBOXING = YES;
				GCC_C_LANGUAGE_STANDARD = gnu17;
				GCC_NO_COMMON_BLOCKS = YES;
				GCC_WARN_64_TO_32_BIT_CONVERSION = YES;
				GCC_WARN_ABOUT_RETURN_TYPE = YES_ERROR;
				GCC_WARN_UNDECLARED_SELECTOR = YES;
				GCC_WARN_UNINITIALIZED_AUTOS = YES_AGGRESSIVE;
				GCC_WARN_UNUSED_FUNCTION = YES;
				GCC_WARN_UNUSED_VARIABLE = YES;
				IPHONEOS_DEPLOYMENT_TARGET = 17.4;
				LOCALIZATION_PREFERS_STRING_CATALOGS = YES;
				MTL_ENABLE_DEBUG_INFO = NO;
				MTL_FAST_MATH = YES;
				SDKROOT = iphoneos;
				SWIFT_COMPILATION_MODE = wholemodule;
				VALIDATE_PRODUCT = YES;
			};
			name = Release;
		};
		A7FF4D682BE908AE0036E0DA /* Debug */ = {
			isa = XCBuildConfiguration;
			buildSettings = {
				ASSETCATALOG_COMPILER_APPICON_NAME = AppIcon;
				ASSETCATALOG_COMPILER_GLOBAL_ACCENT_COLOR_NAME = AccentColor;
				CODE_SIGN_STYLE = Automatic;
				CURRENT_PROJECT_VERSION = 1;
				DEVELOPMENT_TEAM = VFL84P4LJG;
				GENERATE_INFOPLIST_FILE = YES;
				INFOPLIST_FILE = "Rick & Morty/Info.plist";
				INFOPLIST_KEY_UIApplicationSupportsIndirectInputEvents = YES;
				INFOPLIST_KEY_UILaunchStoryboardName = LaunchScreen;
				INFOPLIST_KEY_UISupportedInterfaceOrientations_iPad = "UIInterfaceOrientationPortrait UIInterfaceOrientationPortraitUpsideDown UIInterfaceOrientationLandscapeLeft UIInterfaceOrientationLandscapeRight";
				INFOPLIST_KEY_UISupportedInterfaceOrientations_iPhone = "UIInterfaceOrientationPortrait UIInterfaceOrientationLandscapeLeft UIInterfaceOrientationLandscapeRight";
				LD_RUNPATH_SEARCH_PATHS = (
					"$(inherited)",
					"@executable_path/Frameworks",
				);
				MARKETING_VERSION = 1.0;
				PRODUCT_BUNDLE_IDENTIFIER = "com.planner.randm.Rick---Morty";
				PRODUCT_NAME = "$(TARGET_NAME)";
				SWIFT_EMIT_LOC_STRINGS = YES;
				SWIFT_VERSION = 5.0;
				TARGETED_DEVICE_FAMILY = "1,2";
			};
			name = Debug;
		};
		A7FF4D692BE908AE0036E0DA /* Release */ = {
			isa = XCBuildConfiguration;
			buildSettings = {
				ASSETCATALOG_COMPILER_APPICON_NAME = AppIcon;
				ASSETCATALOG_COMPILER_GLOBAL_ACCENT_COLOR_NAME = AccentColor;
				CODE_SIGN_STYLE = Automatic;
				CURRENT_PROJECT_VERSION = 1;
				DEVELOPMENT_TEAM = VFL84P4LJG;
				GENERATE_INFOPLIST_FILE = YES;
				INFOPLIST_FILE = "Rick & Morty/Info.plist";
				INFOPLIST_KEY_UIApplicationSupportsIndirectInputEvents = YES;
				INFOPLIST_KEY_UILaunchStoryboardName = LaunchScreen;
				INFOPLIST_KEY_UISupportedInterfaceOrientations_iPad = "UIInterfaceOrientationPortrait UIInterfaceOrientationPortraitUpsideDown UIInterfaceOrientationLandscapeLeft UIInterfaceOrientationLandscapeRight";
				INFOPLIST_KEY_UISupportedInterfaceOrientations_iPhone = "UIInterfaceOrientationPortrait UIInterfaceOrientationLandscapeLeft UIInterfaceOrientationLandscapeRight";
				LD_RUNPATH_SEARCH_PATHS = (
					"$(inherited)",
					"@executable_path/Frameworks",
				);
				MARKETING_VERSION = 1.0;
				PRODUCT_BUNDLE_IDENTIFIER = "com.planner.randm.Rick---Morty";
				PRODUCT_NAME = "$(TARGET_NAME)";
				SWIFT_EMIT_LOC_STRINGS = YES;
				SWIFT_VERSION = 5.0;
				TARGETED_DEVICE_FAMILY = "1,2";
			};
			name = Release;
		};
/* End XCBuildConfiguration section */

/* Begin XCConfigurationList section */
		A7FF4D4E2BE908AD0036E0DA /* Build configuration list for PBXProject "Rick & Morty" */ = {
			isa = XCConfigurationList;
			buildConfigurations = (
				A7FF4D652BE908AE0036E0DA /* Debug */,
				A7FF4D662BE908AE0036E0DA /* Release */,
			);
			defaultConfigurationIsVisible = 0;
			defaultConfigurationName = Release;
		};
		A7FF4D672BE908AE0036E0DA /* Build configuration list for PBXNativeTarget "Rick & Morty" */ = {
			isa = XCConfigurationList;
			buildConfigurations = (
				A7FF4D682BE908AE0036E0DA /* Debug */,
				A7FF4D692BE908AE0036E0DA /* Release */,
			);
			defaultConfigurationIsVisible = 0;
			defaultConfigurationName = Release;
		};
/* End XCConfigurationList section */
	};
	rootObject = A7FF4D4B2BE908AD0036E0DA /* Project object */;
}
